
Microsoft Visual Studio Solution File, Format Version 12.00
# Visual Studio 14
VisualStudioVersion = 14.0.25420.1
MinimumVisualStudioVersion = 10.0.40219.1
Project("{FAE04EC0-301F-11D3-BF4B-00C04F79EFBC}") = "INEQ2", "INEQ2\INEQ2.csproj", "{B50C9A1E-1C8B-4800-A6D7-E2CF2A034813}"
EndProject
Project("{FAE04EC0-301F-11D3-BF4B-00C04F79EFBC}") = "BaseDeDatos", "BaseDeDatos\BaseDeDatos.csproj", "{94374995-5B3E-46ED-9BF1-6507EF0DBC4C}"
EndProject
Global
	GlobalSection(SolutionConfigurationPlatforms) = preSolution
		Debug|Any CPU = Debug|Any CPU
		Release|Any CPU = Release|Any CPU
	EndGlobalSection
	GlobalSection(ProjectConfigurationPlatforms) = postSolution
		{B50C9A1E-1C8B-4800-A6D7-E2CF2A034813}.Debug|Any CPU.ActiveCfg = Debug|Any CPU
		{B50C9A1E-1C8B-4800-A6D7-E2CF2A034813}.Debug|Any CPU.Build.0 = Debug|Any CPU
		{B50C9A1E-1C8B-4800-A6D7-E2CF2A034813}.Release|Any CPU.ActiveCfg = Release|Any CPU
		{B50C9A1E-1C8B-4800-A6D7-E2CF2A034813}.Release|Any CPU.Build.0 = Release|Any CPU
		{94374995-5B3E-46ED-9BF1-6507EF0DBC4C}.Debug|Any CPU.ActiveCfg = Debug|Any CPU
		{94374995-5B3E-46ED-9BF1-6507EF0DBC4C}.Debug|Any CPU.Build.0 = Debug|Any CPU
		{94374995-5B3E-46ED-9BF1-6507EF0DBC4C}.Release|Any CPU.ActiveCfg = Release|Any CPU
		{94374995-5B3E-46ED-9BF1-6507EF0DBC4C}.Release|Any CPU.Build.0 = Release|Any CPU
	EndGlobalSection
	GlobalSection(SolutionProperties) = preSolution
		HideSolutionNode = FALSE
	EndGlobalSection
EndGlobal
